
Microsoft Visual Studio Solution File, Format Version 12.00
# Visual Studio Version 16
VisualStudioVersion = 16.0.31424.327
MinimumVisualStudioVersion = 10.0.40219.1
Project("{FAE04EC0-301F-11D3-BF4B-00C04F79EFBC}") = "HelloWorld", "HelloWorld.csproj", "{FFEF644F-4461-4E62-AB4C-F0ABB957CA7A}"
EndProject
Project("{FAE04EC0-301F-11D3-BF4B-00C04F79EFBC}") = "HelloWorld.Tests", "..\HelloWorld.Tests\HelloWorld.Tests.csproj", "{0CCC77AD-4A7C-4983-ACD1-5B99561DC465}"
EndProject
Project("{FAE04EC0-301F-11D3-BF4B-00C04F79EFBC}") = "SchoolEF", "..\SchoolEF\SchoolEF.csproj", "{795073FE-1579-459C-BACF-467F8F80C449}"
EndProject
Global
	GlobalSection(SolutionConfigurationPlatforms) = preSolution
		Debug|Any CPU = Debug|Any CPU
		Release|Any CPU = Release|Any CPU
	EndGlobalSection
	GlobalSection(ProjectConfigurationPlatforms) = postSolution
		{FFEF644F-4461-4E62-AB4C-F0ABB957CA7A}.Debug|Any CPU.ActiveCfg = Debug|Any CPU
		{FFEF644F-4461-4E62-AB4C-F0ABB957CA7A}.Debug|Any CPU.Build.0 = Debug|Any CPU
		{FFEF644F-4461-4E62-AB4C-F0ABB957CA7A}.Release|Any CPU.ActiveCfg = Release|Any CPU
		{FFEF644F-4461-4E62-AB4C-F0ABB957CA7A}.Release|Any CPU.Build.0 = Release|Any CPU
		{0CCC77AD-4A7C-4983-ACD1-5B99561DC465}.Debug|Any CPU.ActiveCfg = Debug|Any CPU
		{0CCC77AD-4A7C-4983-ACD1-5B99561DC465}.Debug|Any CPU.Build.0 = Debug|Any CPU
		{0CCC77AD-4A7C-4983-ACD1-5B99561DC465}.Release|Any CPU.ActiveCfg = Release|Any CPU
		{0CCC77AD-4A7C-4983-ACD1-5B99561DC465}.Release|Any CPU.Build.0 = Release|Any CPU
		{795073FE-1579-459C-BACF-467F8F80C449}.Debug|Any CPU.ActiveCfg = Debug|Any CPU
		{795073FE-1579-459C-BACF-467F8F80C449}.Debug|Any CPU.Build.0 = Debug|Any CPU
		{795073FE-1579-459C-BACF-467F8F80C449}.Release|Any CPU.ActiveCfg = Release|Any CPU
		{795073FE-1579-459C-BACF-467F8F80C449}.Release|Any CPU.Build.0 = Release|Any CPU
	EndGlobalSection
	GlobalSection(SolutionProperties) = preSolution
		HideSolutionNode = FALSE
	EndGlobalSection
	GlobalSection(ExtensibilityGlobals) = postSolution
		SolutionGuid = {5C9714B1-D71F-4D8F-8643-F5DA5A58C3AA}
	EndGlobalSection
EndGlobal
