
Microsoft Visual Studio Solution File, Format Version 12.00
# Visual Studio Version 16
VisualStudioVersion = 16.0.31613.86
MinimumVisualStudioVersion = 10.0.40219.1
Project("{FAE04EC0-301F-11D3-BF4B-00C04F79EFBC}") = "REST User Service", "REST User Service.csproj", "{AE7FB8FB-41DF-4576-81E2-C301A0F55F6D}"
EndProject
Global
	GlobalSection(SolutionConfigurationPlatforms) = preSolution
		Debug|Any CPU = Debug|Any CPU
		Release|Any CPU = Release|Any CPU
	EndGlobalSection
	GlobalSection(ProjectConfigurationPlatforms) = postSolution
		{AE7FB8FB-41DF-4576-81E2-C301A0F55F6D}.Debug|Any CPU.ActiveCfg = Debug|Any CPU
		{AE7FB8FB-41DF-4576-81E2-C301A0F55F6D}.Debug|Any CPU.Build.0 = Debug|Any CPU
		{AE7FB8FB-41DF-4576-81E2-C301A0F55F6D}.Release|Any CPU.ActiveCfg = Release|Any CPU
		{AE7FB8FB-41DF-4576-81E2-C301A0F55F6D}.Release|Any CPU.Build.0 = Release|Any CPU
	EndGlobalSection
	GlobalSection(SolutionProperties) = preSolution
		HideSolutionNode = FALSE
	EndGlobalSection
	GlobalSection(ExtensibilityGlobals) = postSolution
		SolutionGuid = {00B5E574-98C2-4945-8997-D48AB3F8B12F}
	EndGlobalSection
EndGlobal
